
Microsoft Visual Studio Solution File, Format Version 12.00
# Visual Studio Version 16
VisualStudioVersion = 16.0.30309.148
MinimumVisualStudioVersion = 10.0.40219.1
Project("{FAE04EC0-301F-11D3-BF4B-00C04F79EFBC}") = "Raindrops", "Raindrops\Raindrops.csproj", "{0CA462BD-E511-46A1-BC31-B53EF0483C93}"
EndProject
Project("{FAE04EC0-301F-11D3-BF4B-00C04F79EFBC}") = "RaindropsTests", "RaindropsTests\RaindropsTests.csproj", "{C07A0696-8425-4311-AAB3-69CB1CD98758}"
EndProject
Global
	GlobalSection(SolutionConfigurationPlatforms) = preSolution
		Debug|Any CPU = Debug|Any CPU
		Release|Any CPU = Release|Any CPU
	EndGlobalSection
	GlobalSection(ProjectConfigurationPlatforms) = postSolution
		{0CA462BD-E511-46A1-BC31-B53EF0483C93}.Debug|Any CPU.ActiveCfg = Debug|Any CPU
		{0CA462BD-E511-46A1-BC31-B53EF0483C93}.Debug|Any CPU.Build.0 = Debug|Any CPU
		{0CA462BD-E511-46A1-BC31-B53EF0483C93}.Release|Any CPU.ActiveCfg = Release|Any CPU
		{0CA462BD-E511-46A1-BC31-B53EF0483C93}.Release|Any CPU.Build.0 = Release|Any CPU
		{C07A0696-8425-4311-AAB3-69CB1CD98758}.Debug|Any CPU.ActiveCfg = Debug|Any CPU
		{C07A0696-8425-4311-AAB3-69CB1CD98758}.Debug|Any CPU.Build.0 = Debug|Any CPU
		{C07A0696-8425-4311-AAB3-69CB1CD98758}.Release|Any CPU.ActiveCfg = Release|Any CPU
		{C07A0696-8425-4311-AAB3-69CB1CD98758}.Release|Any CPU.Build.0 = Release|Any CPU
	EndGlobalSection
	GlobalSection(SolutionProperties) = preSolution
		HideSolutionNode = FALSE
	EndGlobalSection
	GlobalSection(ExtensibilityGlobals) = postSolution
		SolutionGuid = {69628607-FE66-486A-88CA-183F139194AE}
	EndGlobalSection
EndGlobal
